
Microsoft Visual Studio Solution File, Format Version 12.00
# Visual Studio 15
VisualStudioVersion = 15.0.27703.2035
MinimumVisualStudioVersion = 10.0.40219.1
Project("{FAE04EC0-301F-11D3-BF4B-00C04F79EFBC}") = "HRPayrollAngular6", "HRPayrollAngular6\HRPayrollAngular6.csproj", "{F67BC7C5-2CCF-4ED4-AF34-414BBDE8423D}"
EndProject
Global
	GlobalSection(SolutionConfigurationPlatforms) = preSolution
		Debug|Any CPU = Debug|Any CPU
		Release|Any CPU = Release|Any CPU
	EndGlobalSection
	GlobalSection(ProjectConfigurationPlatforms) = postSolution
		{F67BC7C5-2CCF-4ED4-AF34-414BBDE8423D}.Debug|Any CPU.ActiveCfg = Debug|Any CPU
		{F67BC7C5-2CCF-4ED4-AF34-414BBDE8423D}.Debug|Any CPU.Build.0 = Debug|Any CPU
		{F67BC7C5-2CCF-4ED4-AF34-414BBDE8423D}.Release|Any CPU.ActiveCfg = Release|Any CPU
		{F67BC7C5-2CCF-4ED4-AF34-414BBDE8423D}.Release|Any CPU.Build.0 = Release|Any CPU
	EndGlobalSection
	GlobalSection(SolutionProperties) = preSolution
		HideSolutionNode = FALSE
	EndGlobalSection
	GlobalSection(ExtensibilityGlobals) = postSolution
		SolutionGuid = {12416F26-C9C9-4714-ABE3-BFBBA9EF097D}
	EndGlobalSection
EndGlobal
